
Microsoft Visual Studio Solution File, Format Version 12.00
# Visual Studio Version 17
VisualStudioVersion = 17.8.34525.116
MinimumVisualStudioVersion = 10.0.40219.1
Project("{FAE04EC0-301F-11D3-BF4B-00C04F79EFBC}") = "MyTaskForCode", "MyTaskForCode\MyTaskForCode.csproj", "{68AD0D19-3C14-4D86-B537-81AAEE24095A}"
EndProject
Project("{FAE04EC0-301F-11D3-BF4B-00C04F79EFBC}") = "TwoSum", "TwoSum\TwoSum.csproj", "{11F03641-5D69-42B5-994E-8DAAE897E39D}"
EndProject
Project("{FAE04EC0-301F-11D3-BF4B-00C04F79EFBC}") = "FirstUniqueCharacterinaString", "FirstUniqueCharacterinaString\FirstUniqueCharacterinaString.csproj", "{36F953D9-111F-48C5-9F14-B2B391C32FC6}"
EndProject
Project("{FAE04EC0-301F-11D3-BF4B-00C04F79EFBC}") = "AddTwoNumbers", "AddTwoNumbers\AddTwoNumbers.csproj", "{EB29A3E4-2D8A-45A4-BD78-1610187BAF55}"
EndProject
Project("{FAE04EC0-301F-11D3-BF4B-00C04F79EFBC}") = "GroupAnagrams", "GroupAnagrams\GroupAnagrams.csproj", "{3D78DAAF-9BE0-4B68-8A39-451C2C5E1CAA}"
EndProject
Project("{FAE04EC0-301F-11D3-BF4B-00C04F79EFBC}") = "SortCharactersByFrequency", "SortCharactersByFrequency\SortCharactersByFrequency.csproj", "{D64B7F13-BD64-4837-B92D-01656A8542D8}"
EndProject
Project("{FAE04EC0-301F-11D3-BF4B-00C04F79EFBC}") = "FindingNumber", "FindingNumber\FindingNumber.csproj", "{C38B2844-B14E-4FAC-B1A3-D6100F5F9B23}"
EndProject
Project("{FAE04EC0-301F-11D3-BF4B-00C04F79EFBC}") = "PowerOfTwo", "PowerOfTwo\PowerOfTwo.csproj", "{69513EBC-6A72-46E6-893C-444AB610FBD6}"
EndProject
Project("{FAE04EC0-301F-11D3-BF4B-00C04F79EFBC}") = "MissingNumber", "MissingNumber\MissingNumber.csproj", "{FB0D753A-9DE6-400B-BEB8-0E15FF199957}"
EndProject
Project("{FAE04EC0-301F-11D3-BF4B-00C04F79EFBC}") = "RangeBitwiseAND", "RangeBitwiseAND\RangeBitwiseAND.csproj", "{DA4C9031-F8A9-4210-8B57-35045115A00E}"
EndProject
Project("{FAE04EC0-301F-11D3-BF4B-00C04F79EFBC}") = "DiameterOfBinaryTree", "DiameterOfBinaryTree\DiameterOfBinaryTree.csproj", "{15F2AD56-C50F-4C61-A333-6FA44B990FC0}"
EndProject
Project("{FAE04EC0-301F-11D3-BF4B-00C04F79EFBC}") = "SquaresOfASortedArray", "SquaresOfASortedArray\SquaresOfASortedArray.csproj", "{1E98B269-E402-4023-9512-720A3C007B40}"
EndProject
Project("{FAE04EC0-301F-11D3-BF4B-00C04F79EFBC}") = "RemoveNthNodeFromEndOfList", "RemoveNthNodeFromEndOfList\RemoveNthNodeFromEndOfList.csproj", "{259B3031-FFCB-49A3-872E-6F9B53FCB767}"
EndProject
Project("{FAE04EC0-301F-11D3-BF4B-00C04F79EFBC}") = "IntersectionOfTwoArrays", "IntersectionOfTwoArrays\IntersectionOfTwoArrays.csproj", "{5DF6AE84-5F78-491D-BAC4-63901801CF0D}"
EndProject
Project("{FAE04EC0-301F-11D3-BF4B-00C04F79EFBC}") = "CustomSortString", "CustomSortString\CustomSortString.csproj", "{87D7CFF2-809F-4BBA-81BC-2434EB41CC61}"
EndProject
Project("{FAE04EC0-301F-11D3-BF4B-00C04F79EFBC}") = "FindThePivotInteger", "FindThePivotInteger\FindThePivotInteger.csproj", "{88A8CC09-53AC-40D3-B975-AA5FFA767A3E}"
EndProject
Project("{FAE04EC0-301F-11D3-BF4B-00C04F79EFBC}") = "PalindromeNumber", "PalindromeNumber\PalindromeNumber.csproj", "{B3D6B3D4-4E47-4B38-BDA8-EBA4A5B208BD}"
EndProject
Project("{FAE04EC0-301F-11D3-BF4B-00C04F79EFBC}") = "RomanToInteger", "RomanToInteger\RomanToInteger.csproj", "{C6C11C13-95CD-4676-9F4F-48A7FD24CA1E}"
EndProject
Project("{FAE04EC0-301F-11D3-BF4B-00C04F79EFBC}") = "BinarySubarraysWithSum", "BinarySubarraysWithSum\BinarySubarraysWithSum.csproj", "{0C59002D-71B1-4FF4-BDBF-09967728225A}"
EndProject
Project("{FAE04EC0-301F-11D3-BF4B-00C04F79EFBC}") = "ProductOfArrayExceptSelf", "ProductOfArrayExceptSelf\ProductOfArrayExceptSelf.csproj", "{5B42DF68-B387-4E61-8D31-5E4798B15119}"
EndProject
Project("{FAE04EC0-301F-11D3-BF4B-00C04F79EFBC}") = "XOfAKindInADeckOfCards", "XOfAKindInADeckOfCards\XOfAKindInADeckOfCards.csproj", "{C10CF2DB-1F94-451E-A95D-964D3DB1BA98}"
EndProject
Project("{FAE04EC0-301F-11D3-BF4B-00C04F79EFBC}") = "Calculator3", "Calculator3\Calculator3.csproj", "{BFAD2727-0E85-46AF-B9A0-11F8E9DDDFF8}"
EndProject
Project("{888888A0-9F3D-457C-B088-3A5042F75D52}") = "PythonApplication1", "PythonApplication1\PythonApplication1.pyproj", "{25D24A49-9C90-4B8B-87CB-AB0B80C5FBD9}"
EndProject
Project("{FAE04EC0-301F-11D3-BF4B-00C04F79EFBC}") = "Hangman", "Hangman\Hangman.csproj", "{758C75E2-6DA4-4B0C-B91B-47CFBD04BBF8}"
EndProject
Project("{FAE04EC0-301F-11D3-BF4B-00C04F79EFBC}") = "LongestCommonPrefix", "LongestCommonPrefix\LongestCommonPrefix.csproj", "{0512C57C-14C8-46DF-86E3-FB86EB4AA4CB}"
EndProject
Project("{FAE04EC0-301F-11D3-BF4B-00C04F79EFBC}") = "ValidParentheses", "ValidParentheses\ValidParentheses.csproj", "{764ED90B-CD4E-41EC-A5B8-C8BDCCC7EDA4}"
EndProject
Project("{8BC9CEB8-8B4A-11D0-8D11-00A0C91BC942}") = "TrySomethings", "TrySomethings\TrySomethings.vcxproj", "{F50FA086-64A5-4E21-A9C1-D0EBAD1DBB15}"
EndProject
Project("{FAE04EC0-301F-11D3-BF4B-00C04F79EFBC}") = "Trie", "Trie\Trie.csproj", "{0B5750DE-A2F1-4BA9-A5D2-FC0F83019755}"
EndProject
Project("{FAE04EC0-301F-11D3-BF4B-00C04F79EFBC}") = "BuidPyramid", "BuidPyramid\BuidPyramid.csproj", "{7D4ECE9C-E2AA-42A0-883A-D82182A9D366}"
EndProject
Project("{FAE04EC0-301F-11D3-BF4B-00C04F79EFBC}") = "Socket", "Socket\Socket.csproj", "{BD8FBE03-5729-4480-9616-C1B3AC3D4EA2}"
EndProject
Project("{FAE04EC0-301F-11D3-BF4B-00C04F79EFBC}") = "MergeTwoSortedLists", "MergeTwoSortedLists\MergeTwoSortedLists.csproj", "{AF0D33BB-BF83-41F9-9D83-CA47F4106DCA}"
EndProject
Project("{FAE04EC0-301F-11D3-BF4B-00C04F79EFBC}") = "CoolHelloWorld", "CoolHelloWorld\CoolHelloWorld.csproj", "{5A97C1AA-613A-4E92-86CA-EB4BEAF16F20}"
EndProject
Project("{FAE04EC0-301F-11D3-BF4B-00C04F79EFBC}") = "RemoveDuplicatesFromSortedArray", "RemoveDuplicatesFromSortedArray\RemoveDuplicatesFromSortedArray.csproj", "{D1F797BE-63B9-4474-9499-2A0E88DD17AF}"
EndProject
Project("{FAE04EC0-301F-11D3-BF4B-00C04F79EFBC}") = "FollowLibraryBook", "FollowLibraryBook\FollowLibraryBook.csproj", "{B822C97C-C633-4090-AE2B-7322B8752A99}"
EndProject
Project("{FAE04EC0-301F-11D3-BF4B-00C04F79EFBC}") = "NarcissisticNumber", "NarcissisticNumber\NarcissisticNumber.csproj", "{CB36D32C-103E-4E61-9D20-CECE46598240}"
EndProject
Project("{FAE04EC0-301F-11D3-BF4B-00C04F79EFBC}") = "Factorial", "Factorial\Factorial.csproj", "{A71A6A4B-2008-40A1-8D48-706FF839EB1C}"
EndProject
Project("{FAE04EC0-301F-11D3-BF4B-00C04F79EFBC}") = "StringReverse", "StringReverse\StringReverse.csproj", "{FB2FF700-7581-47DB-9441-943650DBAF31}"
EndProject
Project("{FAE04EC0-301F-11D3-BF4B-00C04F79EFBC}") = "Maximum Score Words Formed by Letters", "Maximum Score Words Formed by Letters\Maximum Score Words Formed by Letters.csproj", "{FA5D876A-4FBB-43F5-B44C-DFD7F32D3A46}"
EndProject
Project("{FAE04EC0-301F-11D3-BF4B-00C04F79EFBC}") = "Count Triplets That Can Form Two Arrays of Equal XOR", "Count Triplets That Can Form Two Arrays of Equal XOR\Count Triplets That Can Form Two Arrays of Equal XOR.csproj", "{C7D7713B-05CA-448A-910B-AA52BA6AF9A0}"
EndProject
Global
	GlobalSection(SolutionConfigurationPlatforms) = preSolution
		Debug|Any CPU = Debug|Any CPU
		Debug|x64 = Debug|x64
		Debug|x86 = Debug|x86
		Release|Any CPU = Release|Any CPU
		Release|x64 = Release|x64
		Release|x86 = Release|x86
	EndGlobalSection
	GlobalSection(ProjectConfigurationPlatforms) = postSolution
		{68AD0D19-3C14-4D86-B537-81AAEE24095A}.Debug|Any CPU.ActiveCfg = Debug|Any CPU
		{68AD0D19-3C14-4D86-B537-81AAEE24095A}.Debug|Any CPU.Build.0 = Debug|Any CPU
		{68AD0D19-3C14-4D86-B537-81AAEE24095A}.Debug|x64.ActiveCfg = Debug|Any CPU
		{68AD0D19-3C14-4D86-B537-81AAEE24095A}.Debug|x64.Build.0 = Debug|Any CPU
		{68AD0D19-3C14-4D86-B537-81AAEE24095A}.Debug|x86.ActiveCfg = Debug|Any CPU
		{68AD0D19-3C14-4D86-B537-81AAEE24095A}.Debug|x86.Build.0 = Debug|Any CPU
		{68AD0D19-3C14-4D86-B537-81AAEE24095A}.Release|Any CPU.ActiveCfg = Release|Any CPU
		{68AD0D19-3C14-4D86-B537-81AAEE24095A}.Release|Any CPU.Build.0 = Release|Any CPU
		{68AD0D19-3C14-4D86-B537-81AAEE24095A}.Release|x64.ActiveCfg = Release|Any CPU
		{68AD0D19-3C14-4D86-B537-81AAEE24095A}.Release|x64.Build.0 = Release|Any CPU
		{68AD0D19-3C14-4D86-B537-81AAEE24095A}.Release|x86.ActiveCfg = Release|Any CPU
		{68AD0D19-3C14-4D86-B537-81AAEE24095A}.Release|x86.Build.0 = Release|Any CPU
		{11F03641-5D69-42B5-994E-8DAAE897E39D}.Debug|Any CPU.ActiveCfg = Debug|Any CPU
		{11F03641-5D69-42B5-994E-8DAAE897E39D}.Debug|Any CPU.Build.0 = Debug|Any CPU
		{11F03641-5D69-42B5-994E-8DAAE897E39D}.Debug|x64.ActiveCfg = Debug|Any CPU
		{11F03641-5D69-42B5-994E-8DAAE897E39D}.Debug|x64.Build.0 = Debug|Any CPU
		{11F03641-5D69-42B5-994E-8DAAE897E39D}.Debug|x86.ActiveCfg = Debug|Any CPU
		{11F03641-5D69-42B5-994E-8DAAE897E39D}.Debug|x86.Build.0 = Debug|Any CPU
		{11F03641-5D69-42B5-994E-8DAAE897E39D}.Release|Any CPU.ActiveCfg = Release|Any CPU
		{11F03641-5D69-42B5-994E-8DAAE897E39D}.Release|Any CPU.Build.0 = Release|Any CPU
		{11F03641-5D69-42B5-994E-8DAAE897E39D}.Release|x64.ActiveCfg = Release|Any CPU
		{11F03641-5D69-42B5-994E-8DAAE897E39D}.Release|x64.Build.0 = Release|Any CPU
		{11F03641-5D69-42B5-994E-8DAAE897E39D}.Release|x86.ActiveCfg = Release|Any CPU
		{11F03641-5D69-42B5-994E-8DAAE897E39D}.Release|x86.Build.0 = Release|Any CPU
		{36F953D9-111F-48C5-9F14-B2B391C32FC6}.Debug|Any CPU.ActiveCfg = Debug|Any CPU
		{36F953D9-111F-48C5-9F14-B2B391C32FC6}.Debug|Any CPU.Build.0 = Debug|Any CPU
		{36F953D9-111F-48C5-9F14-B2B391C32FC6}.Debug|x64.ActiveCfg = Debug|Any CPU
		{36F953D9-111F-48C5-9F14-B2B391C32FC6}.Debug|x64.Build.0 = Debug|Any CPU
		{36F953D9-111F-48C5-9F14-B2B391C32FC6}.Debug|x86.ActiveCfg = Debug|Any CPU
		{36F953D9-111F-48C5-9F14-B2B391C32FC6}.Debug|x86.Build.0 = Debug|Any CPU
		{36F953D9-111F-48C5-9F14-B2B391C32FC6}.Release|Any CPU.ActiveCfg = Release|Any CPU
		{36F953D9-111F-48C5-9F14-B2B391C32FC6}.Release|Any CPU.Build.0 = Release|Any CPU
		{36F953D9-111F-48C5-9F14-B2B391C32FC6}.Release|x64.ActiveCfg = Release|Any CPU
		{36F953D9-111F-48C5-9F14-B2B391C32FC6}.Release|x64.Build.0 = Release|Any CPU
		{36F953D9-111F-48C5-9F14-B2B391C32FC6}.Release|x86.ActiveCfg = Release|Any CPU
		{36F953D9-111F-48C5-9F14-B2B391C32FC6}.Release|x86.Build.0 = Release|Any CPU
		{EB29A3E4-2D8A-45A4-BD78-1610187BAF55}.Debug|Any CPU.ActiveCfg = Debug|Any CPU
		{EB29A3E4-2D8A-45A4-BD78-1610187BAF55}.Debug|Any CPU.Build.0 = Debug|Any CPU
		{EB29A3E4-2D8A-45A4-BD78-1610187BAF55}.Debug|x64.ActiveCfg = Debug|Any CPU
		{EB29A3E4-2D8A-45A4-BD78-1610187BAF55}.Debug|x64.Build.0 = Debug|Any CPU
		{EB29A3E4-2D8A-45A4-BD78-1610187BAF55}.Debug|x86.ActiveCfg = Debug|Any CPU
		{EB29A3E4-2D8A-45A4-BD78-1610187BAF55}.Debug|x86.Build.0 = Debug|Any CPU
		{EB29A3E4-2D8A-45A4-BD78-1610187BAF55}.Release|Any CPU.ActiveCfg = Release|Any CPU
		{EB29A3E4-2D8A-45A4-BD78-1610187BAF55}.Release|Any CPU.Build.0 = Release|Any CPU
		{EB29A3E4-2D8A-45A4-BD78-1610187BAF55}.Release|x64.ActiveCfg = Release|Any CPU
		{EB29A3E4-2D8A-45A4-BD78-1610187BAF55}.Release|x64.Build.0 = Release|Any CPU
		{EB29A3E4-2D8A-45A4-BD78-1610187BAF55}.Release|x86.ActiveCfg = Release|Any CPU
		{EB29A3E4-2D8A-45A4-BD78-1610187BAF55}.Release|x86.Build.0 = Release|Any CPU
		{3D78DAAF-9BE0-4B68-8A39-451C2C5E1CAA}.Debug|Any CPU.ActiveCfg = Debug|Any CPU
		{3D78DAAF-9BE0-4B68-8A39-451C2C5E1CAA}.Debug|Any CPU.Build.0 = Debug|Any CPU
		{3D78DAAF-9BE0-4B68-8A39-451C2C5E1CAA}.Debug|x64.ActiveCfg = Debug|Any CPU
		{3D78DAAF-9BE0-4B68-8A39-451C2C5E1CAA}.Debug|x64.Build.0 = Debug|Any CPU
		{3D78DAAF-9BE0-4B68-8A39-451C2C5E1CAA}.Debug|x86.ActiveCfg = Debug|Any CPU
		{3D78DAAF-9BE0-4B68-8A39-451C2C5E1CAA}.Debug|x86.Build.0 = Debug|Any CPU
		{3D78DAAF-9BE0-4B68-8A39-451C2C5E1CAA}.Release|Any CPU.ActiveCfg = Release|Any CPU
		{3D78DAAF-9BE0-4B68-8A39-451C2C5E1CAA}.Release|Any CPU.Build.0 = Release|Any CPU
		{3D78DAAF-9BE0-4B68-8A39-451C2C5E1CAA}.Release|x64.ActiveCfg = Release|Any CPU
		{3D78DAAF-9BE0-4B68-8A39-451C2C5E1CAA}.Release|x64.Build.0 = Release|Any CPU
		{3D78DAAF-9BE0-4B68-8A39-451C2C5E1CAA}.Release|x86.ActiveCfg = Release|Any CPU
		{3D78DAAF-9BE0-4B68-8A39-451C2C5E1CAA}.Release|x86.Build.0 = Release|Any CPU
		{D64B7F13-BD64-4837-B92D-01656A8542D8}.Debug|Any CPU.ActiveCfg = Debug|Any CPU
		{D64B7F13-BD64-4837-B92D-01656A8542D8}.Debug|Any CPU.Build.0 = Debug|Any CPU
		{D64B7F13-BD64-4837-B92D-01656A8542D8}.Debug|x64.ActiveCfg = Debug|Any CPU
		{D64B7F13-BD64-4837-B92D-01656A8542D8}.Debug|x64.Build.0 = Debug|Any CPU
		{D64B7F13-BD64-4837-B92D-01656A8542D8}.Debug|x86.ActiveCfg = Debug|Any CPU
		{D64B7F13-BD64-4837-B92D-01656A8542D8}.Debug|x86.Build.0 = Debug|Any CPU
		{D64B7F13-BD64-4837-B92D-01656A8542D8}.Release|Any CPU.ActiveCfg = Release|Any CPU
		{D64B7F13-BD64-4837-B92D-01656A8542D8}.Release|Any CPU.Build.0 = Release|Any CPU
		{D64B7F13-BD64-4837-B92D-01656A8542D8}.Release|x64.ActiveCfg = Release|Any CPU
		{D64B7F13-BD64-4837-B92D-01656A8542D8}.Release|x64.Build.0 = Release|Any CPU
		{D64B7F13-BD64-4837-B92D-01656A8542D8}.Release|x86.ActiveCfg = Release|Any CPU
		{D64B7F13-BD64-4837-B92D-01656A8542D8}.Release|x86.Build.0 = Release|Any CPU
		{C38B2844-B14E-4FAC-B1A3-D6100F5F9B23}.Debug|Any CPU.ActiveCfg = Debug|Any CPU
		{C38B2844-B14E-4FAC-B1A3-D6100F5F9B23}.Debug|Any CPU.Build.0 = Debug|Any CPU
		{C38B2844-B14E-4FAC-B1A3-D6100F5F9B23}.Debug|x64.ActiveCfg = Debug|Any CPU
		{C38B2844-B14E-4FAC-B1A3-D6100F5F9B23}.Debug|x64.Build.0 = Debug|Any CPU
		{C38B2844-B14E-4FAC-B1A3-D6100F5F9B23}.Debug|x86.ActiveCfg = Debug|Any CPU
		{C38B2844-B14E-4FAC-B1A3-D6100F5F9B23}.Debug|x86.Build.0 = Debug|Any CPU
		{C38B2844-B14E-4FAC-B1A3-D6100F5F9B23}.Release|Any CPU.ActiveCfg = Release|Any CPU
		{C38B2844-B14E-4FAC-B1A3-D6100F5F9B23}.Release|Any CPU.Build.0 = Release|Any CPU
		{C38B2844-B14E-4FAC-B1A3-D6100F5F9B23}.Release|x64.ActiveCfg = Release|Any CPU
		{C38B2844-B14E-4FAC-B1A3-D6100F5F9B23}.Release|x64.Build.0 = Release|Any CPU
		{C38B2844-B14E-4FAC-B1A3-D6100F5F9B23}.Release|x86.ActiveCfg = Release|Any CPU
		{C38B2844-B14E-4FAC-B1A3-D6100F5F9B23}.Release|x86.Build.0 = Release|Any CPU
		{69513EBC-6A72-46E6-893C-444AB610FBD6}.Debug|Any CPU.ActiveCfg = Debug|Any CPU
		{69513EBC-6A72-46E6-893C-444AB610FBD6}.Debug|Any CPU.Build.0 = Debug|Any CPU
		{69513EBC-6A72-46E6-893C-444AB610FBD6}.Debug|x64.ActiveCfg = Debug|Any CPU
		{69513EBC-6A72-46E6-893C-444AB610FBD6}.Debug|x64.Build.0 = Debug|Any CPU
		{69513EBC-6A72-46E6-893C-444AB610FBD6}.Debug|x86.ActiveCfg = Debug|Any CPU
		{69513EBC-6A72-46E6-893C-444AB610FBD6}.Debug|x86.Build.0 = Debug|Any CPU
		{69513EBC-6A72-46E6-893C-444AB610FBD6}.Release|Any CPU.ActiveCfg = Release|Any CPU
		{69513EBC-6A72-46E6-893C-444AB610FBD6}.Release|Any CPU.Build.0 = Release|Any CPU
		{69513EBC-6A72-46E6-893C-444AB610FBD6}.Release|x64.ActiveCfg = Release|Any CPU
		{69513EBC-6A72-46E6-893C-444AB610FBD6}.Release|x64.Build.0 = Release|Any CPU
		{69513EBC-6A72-46E6-893C-444AB610FBD6}.Release|x86.ActiveCfg = Release|Any CPU
		{69513EBC-6A72-46E6-893C-444AB610FBD6}.Release|x86.Build.0 = Release|Any CPU
		{FB0D753A-9DE6-400B-BEB8-0E15FF199957}.Debug|Any CPU.ActiveCfg = Debug|Any CPU
		{FB0D753A-9DE6-400B-BEB8-0E15FF199957}.Debug|Any CPU.Build.0 = Debug|Any CPU
		{FB0D753A-9DE6-400B-BEB8-0E15FF199957}.Debug|x64.ActiveCfg = Debug|Any CPU
		{FB0D753A-9DE6-400B-BEB8-0E15FF199957}.Debug|x64.Build.0 = Debug|Any CPU
		{FB0D753A-9DE6-400B-BEB8-0E15FF199957}.Debug|x86.ActiveCfg = Debug|Any CPU
		{FB0D753A-9DE6-400B-BEB8-0E15FF199957}.Debug|x86.Build.0 = Debug|Any CPU
		{FB0D753A-9DE6-400B-BEB8-0E15FF199957}.Release|Any CPU.ActiveCfg = Release|Any CPU
		{FB0D753A-9DE6-400B-BEB8-0E15FF199957}.Release|Any CPU.Build.0 = Release|Any CPU
		{FB0D753A-9DE6-400B-BEB8-0E15FF199957}.Release|x64.ActiveCfg = Release|Any CPU
		{FB0D753A-9DE6-400B-BEB8-0E15FF199957}.Release|x64.Build.0 = Release|Any CPU
		{FB0D753A-9DE6-400B-BEB8-0E15FF199957}.Release|x86.ActiveCfg = Release|Any CPU
		{FB0D753A-9DE6-400B-BEB8-0E15FF199957}.Release|x86.Build.0 = Release|Any CPU
		{DA4C9031-F8A9-4210-8B57-35045115A00E}.Debug|Any CPU.ActiveCfg = Debug|Any CPU
		{DA4C9031-F8A9-4210-8B57-35045115A00E}.Debug|Any CPU.Build.0 = Debug|Any CPU
		{DA4C9031-F8A9-4210-8B57-35045115A00E}.Debug|x64.ActiveCfg = Debug|Any CPU
		{DA4C9031-F8A9-4210-8B57-35045115A00E}.Debug|x64.Build.0 = Debug|Any CPU
		{DA4C9031-F8A9-4210-8B57-35045115A00E}.Debug|x86.ActiveCfg = Debug|Any CPU
		{DA4C9031-F8A9-4210-8B57-35045115A00E}.Debug|x86.Build.0 = Debug|Any CPU
		{DA4C9031-F8A9-4210-8B57-35045115A00E}.Release|Any CPU.ActiveCfg = Release|Any CPU
		{DA4C9031-F8A9-4210-8B57-35045115A00E}.Release|Any CPU.Build.0 = Release|Any CPU
		{DA4C9031-F8A9-4210-8B57-35045115A00E}.Release|x64.ActiveCfg = Release|Any CPU
		{DA4C9031-F8A9-4210-8B57-35045115A00E}.Release|x64.Build.0 = Release|Any CPU
		{DA4C9031-F8A9-4210-8B57-35045115A00E}.Release|x86.ActiveCfg = Release|Any CPU
		{DA4C9031-F8A9-4210-8B57-35045115A00E}.Release|x86.Build.0 = Release|Any CPU
		{15F2AD56-C50F-4C61-A333-6FA44B990FC0}.Debug|Any CPU.ActiveCfg = Debug|Any CPU
		{15F2AD56-C50F-4C61-A333-6FA44B990FC0}.Debug|Any CPU.Build.0 = Debug|Any CPU
		{15F2AD56-C50F-4C61-A333-6FA44B990FC0}.Debug|x64.ActiveCfg = Debug|Any CPU
		{15F2AD56-C50F-4C61-A333-6FA44B990FC0}.Debug|x64.Build.0 = Debug|Any CPU
		{15F2AD56-C50F-4C61-A333-6FA44B990FC0}.Debug|x86.ActiveCfg = Debug|Any CPU
		{15F2AD56-C50F-4C61-A333-6FA44B990FC0}.Debug|x86.Build.0 = Debug|Any CPU
		{15F2AD56-C50F-4C61-A333-6FA44B990FC0}.Release|Any CPU.ActiveCfg = Release|Any CPU
		{15F2AD56-C50F-4C61-A333-6FA44B990FC0}.Release|Any CPU.Build.0 = Release|Any CPU
		{15F2AD56-C50F-4C61-A333-6FA44B990FC0}.Release|x64.ActiveCfg = Release|Any CPU
		{15F2AD56-C50F-4C61-A333-6FA44B990FC0}.Release|x64.Build.0 = Release|Any CPU
		{15F2AD56-C50F-4C61-A333-6FA44B990FC0}.Release|x86.ActiveCfg = Release|Any CPU
		{15F2AD56-C50F-4C61-A333-6FA44B990FC0}.Release|x86.Build.0 = Release|Any CPU
		{1E98B269-E402-4023-9512-720A3C007B40}.Debug|Any CPU.ActiveCfg = Debug|Any CPU
		{1E98B269-E402-4023-9512-720A3C007B40}.Debug|Any CPU.Build.0 = Debug|Any CPU
		{1E98B269-E402-4023-9512-720A3C007B40}.Debug|x64.ActiveCfg = Debug|Any CPU
		{1E98B269-E402-4023-9512-720A3C007B40}.Debug|x64.Build.0 = Debug|Any CPU
		{1E98B269-E402-4023-9512-720A3C007B40}.Debug|x86.ActiveCfg = Debug|Any CPU
		{1E98B269-E402-4023-9512-720A3C007B40}.Debug|x86.Build.0 = Debug|Any CPU
		{1E98B269-E402-4023-9512-720A3C007B40}.Release|Any CPU.ActiveCfg = Release|Any CPU
		{1E98B269-E402-4023-9512-720A3C007B40}.Release|Any CPU.Build.0 = Release|Any CPU
		{1E98B269-E402-4023-9512-720A3C007B40}.Release|x64.ActiveCfg = Release|Any CPU
		{1E98B269-E402-4023-9512-720A3C007B40}.Release|x64.Build.0 = Release|Any CPU
		{1E98B269-E402-4023-9512-720A3C007B40}.Release|x86.ActiveCfg = Release|Any CPU
		{1E98B269-E402-4023-9512-720A3C007B40}.Release|x86.Build.0 = Release|Any CPU
		{259B3031-FFCB-49A3-872E-6F9B53FCB767}.Debug|Any CPU.ActiveCfg = Debug|Any CPU
		{259B3031-FFCB-49A3-872E-6F9B53FCB767}.Debug|Any CPU.Build.0 = Debug|Any CPU
		{259B3031-FFCB-49A3-872E-6F9B53FCB767}.Debug|x64.ActiveCfg = Debug|Any CPU
		{259B3031-FFCB-49A3-872E-6F9B53FCB767}.Debug|x64.Build.0 = Debug|Any CPU
		{259B3031-FFCB-49A3-872E-6F9B53FCB767}.Debug|x86.ActiveCfg = Debug|Any CPU
		{259B3031-FFCB-49A3-872E-6F9B53FCB767}.Debug|x86.Build.0 = Debug|Any CPU
		{259B3031-FFCB-49A3-872E-6F9B53FCB767}.Release|Any CPU.ActiveCfg = Release|Any CPU
		{259B3031-FFCB-49A3-872E-6F9B53FCB767}.Release|Any CPU.Build.0 = Release|Any CPU
		{259B3031-FFCB-49A3-872E-6F9B53FCB767}.Release|x64.ActiveCfg = Release|Any CPU
		{259B3031-FFCB-49A3-872E-6F9B53FCB767}.Release|x64.Build.0 = Release|Any CPU
		{259B3031-FFCB-49A3-872E-6F9B53FCB767}.Release|x86.ActiveCfg = Release|Any CPU
		{259B3031-FFCB-49A3-872E-6F9B53FCB767}.Release|x86.Build.0 = Release|Any CPU
		{5DF6AE84-5F78-491D-BAC4-63901801CF0D}.Debug|Any CPU.ActiveCfg = Debug|Any CPU
		{5DF6AE84-5F78-491D-BAC4-63901801CF0D}.Debug|Any CPU.Build.0 = Debug|Any CPU
		{5DF6AE84-5F78-491D-BAC4-63901801CF0D}.Debug|x64.ActiveCfg = Debug|Any CPU
		{5DF6AE84-5F78-491D-BAC4-63901801CF0D}.Debug|x64.Build.0 = Debug|Any CPU
		{5DF6AE84-5F78-491D-BAC4-63901801CF0D}.Debug|x86.ActiveCfg = Debug|Any CPU
		{5DF6AE84-5F78-491D-BAC4-63901801CF0D}.Debug|x86.Build.0 = Debug|Any CPU
		{5DF6AE84-5F78-491D-BAC4-63901801CF0D}.Release|Any CPU.ActiveCfg = Release|Any CPU
		{5DF6AE84-5F78-491D-BAC4-63901801CF0D}.Release|Any CPU.Build.0 = Release|Any CPU
		{5DF6AE84-5F78-491D-BAC4-63901801CF0D}.Release|x64.ActiveCfg = Release|Any CPU
		{5DF6AE84-5F78-491D-BAC4-63901801CF0D}.Release|x64.Build.0 = Release|Any CPU
		{5DF6AE84-5F78-491D-BAC4-63901801CF0D}.Release|x86.ActiveCfg = Release|Any CPU
		{5DF6AE84-5F78-491D-BAC4-63901801CF0D}.Release|x86.Build.0 = Release|Any CPU
		{87D7CFF2-809F-4BBA-81BC-2434EB41CC61}.Debug|Any CPU.ActiveCfg = Debug|Any CPU
		{87D7CFF2-809F-4BBA-81BC-2434EB41CC61}.Debug|Any CPU.Build.0 = Debug|Any CPU
		{87D7CFF2-809F-4BBA-81BC-2434EB41CC61}.Debug|x64.ActiveCfg = Debug|Any CPU
		{87D7CFF2-809F-4BBA-81BC-2434EB41CC61}.Debug|x64.Build.0 = Debug|Any CPU
		{87D7CFF2-809F-4BBA-81BC-2434EB41CC61}.Debug|x86.ActiveCfg = Debug|Any CPU
		{87D7CFF2-809F-4BBA-81BC-2434EB41CC61}.Debug|x86.Build.0 = Debug|Any CPU
		{87D7CFF2-809F-4BBA-81BC-2434EB41CC61}.Release|Any CPU.ActiveCfg = Release|Any CPU
		{87D7CFF2-809F-4BBA-81BC-2434EB41CC61}.Release|Any CPU.Build.0 = Release|Any CPU
		{87D7CFF2-809F-4BBA-81BC-2434EB41CC61}.Release|x64.ActiveCfg = Release|Any CPU
		{87D7CFF2-809F-4BBA-81BC-2434EB41CC61}.Release|x64.Build.0 = Release|Any CPU
		{87D7CFF2-809F-4BBA-81BC-2434EB41CC61}.Release|x86.ActiveCfg = Release|Any CPU
		{87D7CFF2-809F-4BBA-81BC-2434EB41CC61}.Release|x86.Build.0 = Release|Any CPU
		{88A8CC09-53AC-40D3-B975-AA5FFA767A3E}.Debug|Any CPU.ActiveCfg = Debug|Any CPU
		{88A8CC09-53AC-40D3-B975-AA5FFA767A3E}.Debug|Any CPU.Build.0 = Debug|Any CPU
		{88A8CC09-53AC-40D3-B975-AA5FFA767A3E}.Debug|x64.ActiveCfg = Debug|Any CPU
		{88A8CC09-53AC-40D3-B975-AA5FFA767A3E}.Debug|x64.Build.0 = Debug|Any CPU
		{88A8CC09-53AC-40D3-B975-AA5FFA767A3E}.Debug|x86.ActiveCfg = Debug|Any CPU
		{88A8CC09-53AC-40D3-B975-AA5FFA767A3E}.Debug|x86.Build.0 = Debug|Any CPU
		{88A8CC09-53AC-40D3-B975-AA5FFA767A3E}.Release|Any CPU.ActiveCfg = Release|Any CPU
		{88A8CC09-53AC-40D3-B975-AA5FFA767A3E}.Release|Any CPU.Build.0 = Release|Any CPU
		{88A8CC09-53AC-40D3-B975-AA5FFA767A3E}.Release|x64.ActiveCfg = Release|Any CPU
		{88A8CC09-53AC-40D3-B975-AA5FFA767A3E}.Release|x64.Build.0 = Release|Any CPU
		{88A8CC09-53AC-40D3-B975-AA5FFA767A3E}.Release|x86.ActiveCfg = Release|Any CPU
		{88A8CC09-53AC-40D3-B975-AA5FFA767A3E}.Release|x86.Build.0 = Release|Any CPU
		{B3D6B3D4-4E47-4B38-BDA8-EBA4A5B208BD}.Debug|Any CPU.ActiveCfg = Debug|Any CPU
		{B3D6B3D4-4E47-4B38-BDA8-EBA4A5B208BD}.Debug|Any CPU.Build.0 = Debug|Any CPU
		{B3D6B3D4-4E47-4B38-BDA8-EBA4A5B208BD}.Debug|x64.ActiveCfg = Debug|Any CPU
		{B3D6B3D4-4E47-4B38-BDA8-EBA4A5B208BD}.Debug|x64.Build.0 = Debug|Any CPU
		{B3D6B3D4-4E47-4B38-BDA8-EBA4A5B208BD}.Debug|x86.ActiveCfg = Debug|Any CPU
		{B3D6B3D4-4E47-4B38-BDA8-EBA4A5B208BD}.Debug|x86.Build.0 = Debug|Any CPU
		{B3D6B3D4-4E47-4B38-BDA8-EBA4A5B208BD}.Release|Any CPU.ActiveCfg = Release|Any CPU
		{B3D6B3D4-4E47-4B38-BDA8-EBA4A5B208BD}.Release|Any CPU.Build.0 = Release|Any CPU
		{B3D6B3D4-4E47-4B38-BDA8-EBA4A5B208BD}.Release|x64.ActiveCfg = Release|Any CPU
		{B3D6B3D4-4E47-4B38-BDA8-EBA4A5B208BD}.Release|x64.Build.0 = Release|Any CPU
		{B3D6B3D4-4E47-4B38-BDA8-EBA4A5B208BD}.Release|x86.ActiveCfg = Release|Any CPU
		{B3D6B3D4-4E47-4B38-BDA8-EBA4A5B208BD}.Release|x86.Build.0 = Release|Any CPU
		{C6C11C13-95CD-4676-9F4F-48A7FD24CA1E}.Debug|Any CPU.ActiveCfg = Debug|Any CPU
		{C6C11C13-95CD-4676-9F4F-48A7FD24CA1E}.Debug|Any CPU.Build.0 = Debug|Any CPU
		{C6C11C13-95CD-4676-9F4F-48A7FD24CA1E}.Debug|x64.ActiveCfg = Debug|Any CPU
		{C6C11C13-95CD-4676-9F4F-48A7FD24CA1E}.Debug|x64.Build.0 = Debug|Any CPU
		{C6C11C13-95CD-4676-9F4F-48A7FD24CA1E}.Debug|x86.ActiveCfg = Debug|Any CPU
		{C6C11C13-95CD-4676-9F4F-48A7FD24CA1E}.Debug|x86.Build.0 = Debug|Any CPU
		{C6C11C13-95CD-4676-9F4F-48A7FD24CA1E}.Release|Any CPU.ActiveCfg = Release|Any CPU
		{C6C11C13-95CD-4676-9F4F-48A7FD24CA1E}.Release|Any CPU.Build.0 = Release|Any CPU
		{C6C11C13-95CD-4676-9F4F-48A7FD24CA1E}.Release|x64.ActiveCfg = Release|Any CPU
		{C6C11C13-95CD-4676-9F4F-48A7FD24CA1E}.Release|x64.Build.0 = Release|Any CPU
		{C6C11C13-95CD-4676-9F4F-48A7FD24CA1E}.Release|x86.ActiveCfg = Release|Any CPU
		{C6C11C13-95CD-4676-9F4F-48A7FD24CA1E}.Release|x86.Build.0 = Release|Any CPU
		{0C59002D-71B1-4FF4-BDBF-09967728225A}.Debug|Any CPU.ActiveCfg = Debug|Any CPU
		{0C59002D-71B1-4FF4-BDBF-09967728225A}.Debug|Any CPU.Build.0 = Debug|Any CPU
		{0C59002D-71B1-4FF4-BDBF-09967728225A}.Debug|x64.ActiveCfg = Debug|Any CPU
		{0C59002D-71B1-4FF4-BDBF-09967728225A}.Debug|x64.Build.0 = Debug|Any CPU
		{0C59002D-71B1-4FF4-BDBF-09967728225A}.Debug|x86.ActiveCfg = Debug|Any CPU
		{0C59002D-71B1-4FF4-BDBF-09967728225A}.Debug|x86.Build.0 = Debug|Any CPU
		{0C59002D-71B1-4FF4-BDBF-09967728225A}.Release|Any CPU.ActiveCfg = Release|Any CPU
		{0C59002D-71B1-4FF4-BDBF-09967728225A}.Release|Any CPU.Build.0 = Release|Any CPU
		{0C59002D-71B1-4FF4-BDBF-09967728225A}.Release|x64.ActiveCfg = Release|Any CPU
		{0C59002D-71B1-4FF4-BDBF-09967728225A}.Release|x64.Build.0 = Release|Any CPU
		{0C59002D-71B1-4FF4-BDBF-09967728225A}.Release|x86.ActiveCfg = Release|Any CPU
		{0C59002D-71B1-4FF4-BDBF-09967728225A}.Release|x86.Build.0 = Release|Any CPU
		{5B42DF68-B387-4E61-8D31-5E4798B15119}.Debug|Any CPU.ActiveCfg = Debug|Any CPU
		{5B42DF68-B387-4E61-8D31-5E4798B15119}.Debug|Any CPU.Build.0 = Debug|Any CPU
		{5B42DF68-B387-4E61-8D31-5E4798B15119}.Debug|x64.ActiveCfg = Debug|Any CPU
		{5B42DF68-B387-4E61-8D31-5E4798B15119}.Debug|x64.Build.0 = Debug|Any CPU
		{5B42DF68-B387-4E61-8D31-5E4798B15119}.Debug|x86.ActiveCfg = Debug|Any CPU
		{5B42DF68-B387-4E61-8D31-5E4798B15119}.Debug|x86.Build.0 = Debug|Any CPU
		{5B42DF68-B387-4E61-8D31-5E4798B15119}.Release|Any CPU.ActiveCfg = Release|Any CPU
		{5B42DF68-B387-4E61-8D31-5E4798B15119}.Release|Any CPU.Build.0 = Release|Any CPU
		{5B42DF68-B387-4E61-8D31-5E4798B15119}.Release|x64.ActiveCfg = Release|Any CPU
		{5B42DF68-B387-4E61-8D31-5E4798B15119}.Release|x64.Build.0 = Release|Any CPU
		{5B42DF68-B387-4E61-8D31-5E4798B15119}.Release|x86.ActiveCfg = Release|Any CPU
		{5B42DF68-B387-4E61-8D31-5E4798B15119}.Release|x86.Build.0 = Release|Any CPU
		{C10CF2DB-1F94-451E-A95D-964D3DB1BA98}.Debug|Any CPU.ActiveCfg = Debug|Any CPU
		{C10CF2DB-1F94-451E-A95D-964D3DB1BA98}.Debug|Any CPU.Build.0 = Debug|Any CPU
		{C10CF2DB-1F94-451E-A95D-964D3DB1BA98}.Debug|x64.ActiveCfg = Debug|Any CPU
		{C10CF2DB-1F94-451E-A95D-964D3DB1BA98}.Debug|x64.Build.0 = Debug|Any CPU
		{C10CF2DB-1F94-451E-A95D-964D3DB1BA98}.Debug|x86.ActiveCfg = Debug|Any CPU
		{C10CF2DB-1F94-451E-A95D-964D3DB1BA98}.Debug|x86.Build.0 = Debug|Any CPU
		{C10CF2DB-1F94-451E-A95D-964D3DB1BA98}.Release|Any CPU.ActiveCfg = Release|Any CPU
		{C10CF2DB-1F94-451E-A95D-964D3DB1BA98}.Release|Any CPU.Build.0 = Release|Any CPU
		{C10CF2DB-1F94-451E-A95D-964D3DB1BA98}.Release|x64.ActiveCfg = Release|Any CPU
		{C10CF2DB-1F94-451E-A95D-964D3DB1BA98}.Release|x64.Build.0 = Release|Any CPU
		{C10CF2DB-1F94-451E-A95D-964D3DB1BA98}.Release|x86.ActiveCfg = Release|Any CPU
		{C10CF2DB-1F94-451E-A95D-964D3DB1BA98}.Release|x86.Build.0 = Release|Any CPU
		{BFAD2727-0E85-46AF-B9A0-11F8E9DDDFF8}.Debug|Any CPU.ActiveCfg = Debug|Any CPU
		{BFAD2727-0E85-46AF-B9A0-11F8E9DDDFF8}.Debug|Any CPU.Build.0 = Debug|Any CPU
		{BFAD2727-0E85-46AF-B9A0-11F8E9DDDFF8}.Debug|x64.ActiveCfg = Debug|Any CPU
		{BFAD2727-0E85-46AF-B9A0-11F8E9DDDFF8}.Debug|x64.Build.0 = Debug|Any CPU
		{BFAD2727-0E85-46AF-B9A0-11F8E9DDDFF8}.Debug|x86.ActiveCfg = Debug|Any CPU
		{BFAD2727-0E85-46AF-B9A0-11F8E9DDDFF8}.Debug|x86.Build.0 = Debug|Any CPU
		{BFAD2727-0E85-46AF-B9A0-11F8E9DDDFF8}.Release|Any CPU.ActiveCfg = Release|Any CPU
		{BFAD2727-0E85-46AF-B9A0-11F8E9DDDFF8}.Release|Any CPU.Build.0 = Release|Any CPU
		{BFAD2727-0E85-46AF-B9A0-11F8E9DDDFF8}.Release|x64.ActiveCfg = Release|Any CPU
		{BFAD2727-0E85-46AF-B9A0-11F8E9DDDFF8}.Release|x64.Build.0 = Release|Any CPU
		{BFAD2727-0E85-46AF-B9A0-11F8E9DDDFF8}.Release|x86.ActiveCfg = Release|Any CPU
		{BFAD2727-0E85-46AF-B9A0-11F8E9DDDFF8}.Release|x86.Build.0 = Release|Any CPU
		{25D24A49-9C90-4B8B-87CB-AB0B80C5FBD9}.Debug|Any CPU.ActiveCfg = Debug|Any CPU
		{25D24A49-9C90-4B8B-87CB-AB0B80C5FBD9}.Debug|x64.ActiveCfg = Debug|Any CPU
		{25D24A49-9C90-4B8B-87CB-AB0B80C5FBD9}.Debug|x86.ActiveCfg = Debug|Any CPU
		{25D24A49-9C90-4B8B-87CB-AB0B80C5FBD9}.Release|Any CPU.ActiveCfg = Release|Any CPU
		{25D24A49-9C90-4B8B-87CB-AB0B80C5FBD9}.Release|x64.ActiveCfg = Release|Any CPU
		{25D24A49-9C90-4B8B-87CB-AB0B80C5FBD9}.Release|x86.ActiveCfg = Release|Any CPU
		{758C75E2-6DA4-4B0C-B91B-47CFBD04BBF8}.Debug|Any CPU.ActiveCfg = Debug|Any CPU
		{758C75E2-6DA4-4B0C-B91B-47CFBD04BBF8}.Debug|Any CPU.Build.0 = Debug|Any CPU
		{758C75E2-6DA4-4B0C-B91B-47CFBD04BBF8}.Debug|x64.ActiveCfg = Debug|Any CPU
		{758C75E2-6DA4-4B0C-B91B-47CFBD04BBF8}.Debug|x64.Build.0 = Debug|Any CPU
		{758C75E2-6DA4-4B0C-B91B-47CFBD04BBF8}.Debug|x86.ActiveCfg = Debug|Any CPU
		{758C75E2-6DA4-4B0C-B91B-47CFBD04BBF8}.Debug|x86.Build.0 = Debug|Any CPU
		{758C75E2-6DA4-4B0C-B91B-47CFBD04BBF8}.Release|Any CPU.ActiveCfg = Release|Any CPU
		{758C75E2-6DA4-4B0C-B91B-47CFBD04BBF8}.Release|Any CPU.Build.0 = Release|Any CPU
		{758C75E2-6DA4-4B0C-B91B-47CFBD04BBF8}.Release|x64.ActiveCfg = Release|Any CPU
		{758C75E2-6DA4-4B0C-B91B-47CFBD04BBF8}.Release|x64.Build.0 = Release|Any CPU
		{758C75E2-6DA4-4B0C-B91B-47CFBD04BBF8}.Release|x86.ActiveCfg = Release|Any CPU
		{758C75E2-6DA4-4B0C-B91B-47CFBD04BBF8}.Release|x86.Build.0 = Release|Any CPU
		{0512C57C-14C8-46DF-86E3-FB86EB4AA4CB}.Debug|Any CPU.ActiveCfg = Debug|Any CPU
		{0512C57C-14C8-46DF-86E3-FB86EB4AA4CB}.Debug|Any CPU.Build.0 = Debug|Any CPU
		{0512C57C-14C8-46DF-86E3-FB86EB4AA4CB}.Debug|x64.ActiveCfg = Debug|Any CPU
		{0512C57C-14C8-46DF-86E3-FB86EB4AA4CB}.Debug|x64.Build.0 = Debug|Any CPU
		{0512C57C-14C8-46DF-86E3-FB86EB4AA4CB}.Debug|x86.ActiveCfg = Debug|Any CPU
		{0512C57C-14C8-46DF-86E3-FB86EB4AA4CB}.Debug|x86.Build.0 = Debug|Any CPU
		{0512C57C-14C8-46DF-86E3-FB86EB4AA4CB}.Release|Any CPU.ActiveCfg = Release|Any CPU
		{0512C57C-14C8-46DF-86E3-FB86EB4AA4CB}.Release|Any CPU.Build.0 = Release|Any CPU
		{0512C57C-14C8-46DF-86E3-FB86EB4AA4CB}.Release|x64.ActiveCfg = Release|Any CPU
		{0512C57C-14C8-46DF-86E3-FB86EB4AA4CB}.Release|x64.Build.0 = Release|Any CPU
		{0512C57C-14C8-46DF-86E3-FB86EB4AA4CB}.Release|x86.ActiveCfg = Release|Any CPU
		{0512C57C-14C8-46DF-86E3-FB86EB4AA4CB}.Release|x86.Build.0 = Release|Any CPU
		{764ED90B-CD4E-41EC-A5B8-C8BDCCC7EDA4}.Debug|Any CPU.ActiveCfg = Debug|Any CPU
		{764ED90B-CD4E-41EC-A5B8-C8BDCCC7EDA4}.Debug|Any CPU.Build.0 = Debug|Any CPU
		{764ED90B-CD4E-41EC-A5B8-C8BDCCC7EDA4}.Debug|x64.ActiveCfg = Debug|Any CPU
		{764ED90B-CD4E-41EC-A5B8-C8BDCCC7EDA4}.Debug|x64.Build.0 = Debug|Any CPU
		{764ED90B-CD4E-41EC-A5B8-C8BDCCC7EDA4}.Debug|x86.ActiveCfg = Debug|Any CPU
		{764ED90B-CD4E-41EC-A5B8-C8BDCCC7EDA4}.Debug|x86.Build.0 = Debug|Any CPU
		{764ED90B-CD4E-41EC-A5B8-C8BDCCC7EDA4}.Release|Any CPU.ActiveCfg = Release|Any CPU
		{764ED90B-CD4E-41EC-A5B8-C8BDCCC7EDA4}.Release|Any CPU.Build.0 = Release|Any CPU
		{764ED90B-CD4E-41EC-A5B8-C8BDCCC7EDA4}.Release|x64.ActiveCfg = Release|Any CPU
		{764ED90B-CD4E-41EC-A5B8-C8BDCCC7EDA4}.Release|x64.Build.0 = Release|Any CPU
		{764ED90B-CD4E-41EC-A5B8-C8BDCCC7EDA4}.Release|x86.ActiveCfg = Release|Any CPU
		{764ED90B-CD4E-41EC-A5B8-C8BDCCC7EDA4}.Release|x86.Build.0 = Release|Any CPU
		{F50FA086-64A5-4E21-A9C1-D0EBAD1DBB15}.Debug|Any CPU.ActiveCfg = Debug|x64
		{F50FA086-64A5-4E21-A9C1-D0EBAD1DBB15}.Debug|Any CPU.Build.0 = Debug|x64
		{F50FA086-64A5-4E21-A9C1-D0EBAD1DBB15}.Debug|x64.ActiveCfg = Debug|x64
		{F50FA086-64A5-4E21-A9C1-D0EBAD1DBB15}.Debug|x64.Build.0 = Debug|x64
		{F50FA086-64A5-4E21-A9C1-D0EBAD1DBB15}.Debug|x86.ActiveCfg = Debug|x64
		{F50FA086-64A5-4E21-A9C1-D0EBAD1DBB15}.Debug|x86.Build.0 = Debug|x64
		{F50FA086-64A5-4E21-A9C1-D0EBAD1DBB15}.Release|Any CPU.ActiveCfg = Release|x64
		{F50FA086-64A5-4E21-A9C1-D0EBAD1DBB15}.Release|Any CPU.Build.0 = Release|x64
		{F50FA086-64A5-4E21-A9C1-D0EBAD1DBB15}.Release|x64.ActiveCfg = Release|x64
		{F50FA086-64A5-4E21-A9C1-D0EBAD1DBB15}.Release|x64.Build.0 = Release|x64
		{F50FA086-64A5-4E21-A9C1-D0EBAD1DBB15}.Release|x86.ActiveCfg = Release|x64
		{F50FA086-64A5-4E21-A9C1-D0EBAD1DBB15}.Release|x86.Build.0 = Release|x64
		{0B5750DE-A2F1-4BA9-A5D2-FC0F83019755}.Debug|Any CPU.ActiveCfg = Debug|Any CPU
		{0B5750DE-A2F1-4BA9-A5D2-FC0F83019755}.Debug|Any CPU.Build.0 = Debug|Any CPU
		{0B5750DE-A2F1-4BA9-A5D2-FC0F83019755}.Debug|x64.ActiveCfg = Debug|Any CPU
		{0B5750DE-A2F1-4BA9-A5D2-FC0F83019755}.Debug|x64.Build.0 = Debug|Any CPU
		{0B5750DE-A2F1-4BA9-A5D2-FC0F83019755}.Debug|x86.ActiveCfg = Debug|Any CPU
		{0B5750DE-A2F1-4BA9-A5D2-FC0F83019755}.Debug|x86.Build.0 = Debug|Any CPU
		{0B5750DE-A2F1-4BA9-A5D2-FC0F83019755}.Release|Any CPU.ActiveCfg = Release|Any CPU
		{0B5750DE-A2F1-4BA9-A5D2-FC0F83019755}.Release|Any CPU.Build.0 = Release|Any CPU
		{0B5750DE-A2F1-4BA9-A5D2-FC0F83019755}.Release|x64.ActiveCfg = Release|Any CPU
		{0B5750DE-A2F1-4BA9-A5D2-FC0F83019755}.Release|x64.Build.0 = Release|Any CPU
		{0B5750DE-A2F1-4BA9-A5D2-FC0F83019755}.Release|x86.ActiveCfg = Release|Any CPU
		{0B5750DE-A2F1-4BA9-A5D2-FC0F83019755}.Release|x86.Build.0 = Release|Any CPU
		{7D4ECE9C-E2AA-42A0-883A-D82182A9D366}.Debug|Any CPU.ActiveCfg = Debug|Any CPU
		{7D4ECE9C-E2AA-42A0-883A-D82182A9D366}.Debug|Any CPU.Build.0 = Debug|Any CPU
		{7D4ECE9C-E2AA-42A0-883A-D82182A9D366}.Debug|x64.ActiveCfg = Debug|Any CPU
		{7D4ECE9C-E2AA-42A0-883A-D82182A9D366}.Debug|x64.Build.0 = Debug|Any CPU
		{7D4ECE9C-E2AA-42A0-883A-D82182A9D366}.Debug|x86.ActiveCfg = Debug|Any CPU
		{7D4ECE9C-E2AA-42A0-883A-D82182A9D366}.Debug|x86.Build.0 = Debug|Any CPU
		{7D4ECE9C-E2AA-42A0-883A-D82182A9D366}.Release|Any CPU.ActiveCfg = Release|Any CPU
		{7D4ECE9C-E2AA-42A0-883A-D82182A9D366}.Release|Any CPU.Build.0 = Release|Any CPU
		{7D4ECE9C-E2AA-42A0-883A-D82182A9D366}.Release|x64.ActiveCfg = Release|Any CPU
		{7D4ECE9C-E2AA-42A0-883A-D82182A9D366}.Release|x64.Build.0 = Release|Any CPU
		{7D4ECE9C-E2AA-42A0-883A-D82182A9D366}.Release|x86.ActiveCfg = Release|Any CPU
		{7D4ECE9C-E2AA-42A0-883A-D82182A9D366}.Release|x86.Build.0 = Release|Any CPU
		{BD8FBE03-5729-4480-9616-C1B3AC3D4EA2}.Debug|Any CPU.ActiveCfg = Debug|Any CPU
		{BD8FBE03-5729-4480-9616-C1B3AC3D4EA2}.Debug|Any CPU.Build.0 = Debug|Any CPU
		{BD8FBE03-5729-4480-9616-C1B3AC3D4EA2}.Debug|x64.ActiveCfg = Debug|Any CPU
		{BD8FBE03-5729-4480-9616-C1B3AC3D4EA2}.Debug|x64.Build.0 = Debug|Any CPU
		{BD8FBE03-5729-4480-9616-C1B3AC3D4EA2}.Debug|x86.ActiveCfg = Debug|Any CPU
		{BD8FBE03-5729-4480-9616-C1B3AC3D4EA2}.Debug|x86.Build.0 = Debug|Any CPU
		{BD8FBE03-5729-4480-9616-C1B3AC3D4EA2}.Release|Any CPU.ActiveCfg = Release|Any CPU
		{BD8FBE03-5729-4480-9616-C1B3AC3D4EA2}.Release|Any CPU.Build.0 = Release|Any CPU
		{BD8FBE03-5729-4480-9616-C1B3AC3D4EA2}.Release|x64.ActiveCfg = Release|Any CPU
		{BD8FBE03-5729-4480-9616-C1B3AC3D4EA2}.Release|x64.Build.0 = Release|Any CPU
		{BD8FBE03-5729-4480-9616-C1B3AC3D4EA2}.Release|x86.ActiveCfg = Release|Any CPU
		{BD8FBE03-5729-4480-9616-C1B3AC3D4EA2}.Release|x86.Build.0 = Release|Any CPU
		{AF0D33BB-BF83-41F9-9D83-CA47F4106DCA}.Debug|Any CPU.ActiveCfg = Debug|Any CPU
		{AF0D33BB-BF83-41F9-9D83-CA47F4106DCA}.Debug|Any CPU.Build.0 = Debug|Any CPU
		{AF0D33BB-BF83-41F9-9D83-CA47F4106DCA}.Debug|x64.ActiveCfg = Debug|Any CPU
		{AF0D33BB-BF83-41F9-9D83-CA47F4106DCA}.Debug|x64.Build.0 = Debug|Any CPU
		{AF0D33BB-BF83-41F9-9D83-CA47F4106DCA}.Debug|x86.ActiveCfg = Debug|Any CPU
		{AF0D33BB-BF83-41F9-9D83-CA47F4106DCA}.Debug|x86.Build.0 = Debug|Any CPU
		{AF0D33BB-BF83-41F9-9D83-CA47F4106DCA}.Release|Any CPU.ActiveCfg = Release|Any CPU
		{AF0D33BB-BF83-41F9-9D83-CA47F4106DCA}.Release|Any CPU.Build.0 = Release|Any CPU
		{AF0D33BB-BF83-41F9-9D83-CA47F4106DCA}.Release|x64.ActiveCfg = Release|Any CPU
		{AF0D33BB-BF83-41F9-9D83-CA47F4106DCA}.Release|x64.Build.0 = Release|Any CPU
		{AF0D33BB-BF83-41F9-9D83-CA47F4106DCA}.Release|x86.ActiveCfg = Release|Any CPU
		{AF0D33BB-BF83-41F9-9D83-CA47F4106DCA}.Release|x86.Build.0 = Release|Any CPU
		{5A97C1AA-613A-4E92-86CA-EB4BEAF16F20}.Debug|Any CPU.ActiveCfg = Debug|Any CPU
		{5A97C1AA-613A-4E92-86CA-EB4BEAF16F20}.Debug|Any CPU.Build.0 = Debug|Any CPU
		{5A97C1AA-613A-4E92-86CA-EB4BEAF16F20}.Debug|x64.ActiveCfg = Debug|Any CPU
		{5A97C1AA-613A-4E92-86CA-EB4BEAF16F20}.Debug|x64.Build.0 = Debug|Any CPU
		{5A97C1AA-613A-4E92-86CA-EB4BEAF16F20}.Debug|x86.ActiveCfg = Debug|Any CPU
		{5A97C1AA-613A-4E92-86CA-EB4BEAF16F20}.Debug|x86.Build.0 = Debug|Any CPU
		{5A97C1AA-613A-4E92-86CA-EB4BEAF16F20}.Release|Any CPU.ActiveCfg = Release|Any CPU
		{5A97C1AA-613A-4E92-86CA-EB4BEAF16F20}.Release|Any CPU.Build.0 = Release|Any CPU
		{5A97C1AA-613A-4E92-86CA-EB4BEAF16F20}.Release|x64.ActiveCfg = Release|Any CPU
		{5A97C1AA-613A-4E92-86CA-EB4BEAF16F20}.Release|x64.Build.0 = Release|Any CPU
		{5A97C1AA-613A-4E92-86CA-EB4BEAF16F20}.Release|x86.ActiveCfg = Release|Any CPU
		{5A97C1AA-613A-4E92-86CA-EB4BEAF16F20}.Release|x86.Build.0 = Release|Any CPU
		{D1F797BE-63B9-4474-9499-2A0E88DD17AF}.Debug|Any CPU.ActiveCfg = Debug|Any CPU
		{D1F797BE-63B9-4474-9499-2A0E88DD17AF}.Debug|Any CPU.Build.0 = Debug|Any CPU
		{D1F797BE-63B9-4474-9499-2A0E88DD17AF}.Debug|x64.ActiveCfg = Debug|Any CPU
		{D1F797BE-63B9-4474-9499-2A0E88DD17AF}.Debug|x64.Build.0 = Debug|Any CPU
		{D1F797BE-63B9-4474-9499-2A0E88DD17AF}.Debug|x86.ActiveCfg = Debug|Any CPU
		{D1F797BE-63B9-4474-9499-2A0E88DD17AF}.Debug|x86.Build.0 = Debug|Any CPU
		{D1F797BE-63B9-4474-9499-2A0E88DD17AF}.Release|Any CPU.ActiveCfg = Release|Any CPU
		{D1F797BE-63B9-4474-9499-2A0E88DD17AF}.Release|Any CPU.Build.0 = Release|Any CPU
		{D1F797BE-63B9-4474-9499-2A0E88DD17AF}.Release|x64.ActiveCfg = Release|Any CPU
		{D1F797BE-63B9-4474-9499-2A0E88DD17AF}.Release|x64.Build.0 = Release|Any CPU
		{D1F797BE-63B9-4474-9499-2A0E88DD17AF}.Release|x86.ActiveCfg = Release|Any CPU
		{D1F797BE-63B9-4474-9499-2A0E88DD17AF}.Release|x86.Build.0 = Release|Any CPU
		{B822C97C-C633-4090-AE2B-7322B8752A99}.Debug|Any CPU.ActiveCfg = Debug|Any CPU
		{B822C97C-C633-4090-AE2B-7322B8752A99}.Debug|Any CPU.Build.0 = Debug|Any CPU
		{B822C97C-C633-4090-AE2B-7322B8752A99}.Debug|x64.ActiveCfg = Debug|Any CPU
		{B822C97C-C633-4090-AE2B-7322B8752A99}.Debug|x64.Build.0 = Debug|Any CPU
		{B822C97C-C633-4090-AE2B-7322B8752A99}.Debug|x86.ActiveCfg = Debug|Any CPU
		{B822C97C-C633-4090-AE2B-7322B8752A99}.Debug|x86.Build.0 = Debug|Any CPU
		{B822C97C-C633-4090-AE2B-7322B8752A99}.Release|Any CPU.ActiveCfg = Release|Any CPU
		{B822C97C-C633-4090-AE2B-7322B8752A99}.Release|Any CPU.Build.0 = Release|Any CPU
		{B822C97C-C633-4090-AE2B-7322B8752A99}.Release|x64.ActiveCfg = Release|Any CPU
		{B822C97C-C633-4090-AE2B-7322B8752A99}.Release|x64.Build.0 = Release|Any CPU
		{B822C97C-C633-4090-AE2B-7322B8752A99}.Release|x86.ActiveCfg = Release|Any CPU
		{B822C97C-C633-4090-AE2B-7322B8752A99}.Release|x86.Build.0 = Release|Any CPU
		{CB36D32C-103E-4E61-9D20-CECE46598240}.Debug|Any CPU.ActiveCfg = Debug|Any CPU
		{CB36D32C-103E-4E61-9D20-CECE46598240}.Debug|Any CPU.Build.0 = Debug|Any CPU
		{CB36D32C-103E-4E61-9D20-CECE46598240}.Debug|x64.ActiveCfg = Debug|Any CPU
		{CB36D32C-103E-4E61-9D20-CECE46598240}.Debug|x64.Build.0 = Debug|Any CPU
		{CB36D32C-103E-4E61-9D20-CECE46598240}.Debug|x86.ActiveCfg = Debug|Any CPU
		{CB36D32C-103E-4E61-9D20-CECE46598240}.Debug|x86.Build.0 = Debug|Any CPU
		{CB36D32C-103E-4E61-9D20-CECE46598240}.Release|Any CPU.ActiveCfg = Release|Any CPU
		{CB36D32C-103E-4E61-9D20-CECE46598240}.Release|Any CPU.Build.0 = Release|Any CPU
		{CB36D32C-103E-4E61-9D20-CECE46598240}.Release|x64.ActiveCfg = Release|Any CPU
		{CB36D32C-103E-4E61-9D20-CECE46598240}.Release|x64.Build.0 = Release|Any CPU
		{CB36D32C-103E-4E61-9D20-CECE46598240}.Release|x86.ActiveCfg = Release|Any CPU
		{CB36D32C-103E-4E61-9D20-CECE46598240}.Release|x86.Build.0 = Release|Any CPU
		{A71A6A4B-2008-40A1-8D48-706FF839EB1C}.Debug|Any CPU.ActiveCfg = Debug|Any CPU
		{A71A6A4B-2008-40A1-8D48-706FF839EB1C}.Debug|Any CPU.Build.0 = Debug|Any CPU
		{A71A6A4B-2008-40A1-8D48-706FF839EB1C}.Debug|x64.ActiveCfg = Debug|Any CPU
		{A71A6A4B-2008-40A1-8D48-706FF839EB1C}.Debug|x64.Build.0 = Debug|Any CPU
		{A71A6A4B-2008-40A1-8D48-706FF839EB1C}.Debug|x86.ActiveCfg = Debug|Any CPU
		{A71A6A4B-2008-40A1-8D48-706FF839EB1C}.Debug|x86.Build.0 = Debug|Any CPU
		{A71A6A4B-2008-40A1-8D48-706FF839EB1C}.Release|Any CPU.ActiveCfg = Release|Any CPU
		{A71A6A4B-2008-40A1-8D48-706FF839EB1C}.Release|Any CPU.Build.0 = Release|Any CPU
		{A71A6A4B-2008-40A1-8D48-706FF839EB1C}.Release|x64.ActiveCfg = Release|Any CPU
		{A71A6A4B-2008-40A1-8D48-706FF839EB1C}.Release|x64.Build.0 = Release|Any CPU
		{A71A6A4B-2008-40A1-8D48-706FF839EB1C}.Release|x86.ActiveCfg = Release|Any CPU
		{A71A6A4B-2008-40A1-8D48-706FF839EB1C}.Release|x86.Build.0 = Release|Any CPU
		{FB2FF700-7581-47DB-9441-943650DBAF31}.Debug|Any CPU.ActiveCfg = Debug|Any CPU
		{FB2FF700-7581-47DB-9441-943650DBAF31}.Debug|Any CPU.Build.0 = Debug|Any CPU
		{FB2FF700-7581-47DB-9441-943650DBAF31}.Debug|x64.ActiveCfg = Debug|Any CPU
		{FB2FF700-7581-47DB-9441-943650DBAF31}.Debug|x64.Build.0 = Debug|Any CPU
		{FB2FF700-7581-47DB-9441-943650DBAF31}.Debug|x86.ActiveCfg = Debug|Any CPU
		{FB2FF700-7581-47DB-9441-943650DBAF31}.Debug|x86.Build.0 = Debug|Any CPU
		{FB2FF700-7581-47DB-9441-943650DBAF31}.Release|Any CPU.ActiveCfg = Release|Any CPU
		{FB2FF700-7581-47DB-9441-943650DBAF31}.Release|Any CPU.Build.0 = Release|Any CPU
		{FB2FF700-7581-47DB-9441-943650DBAF31}.Release|x64.ActiveCfg = Release|Any CPU
		{FB2FF700-7581-47DB-9441-943650DBAF31}.Release|x64.Build.0 = Release|Any CPU
		{FB2FF700-7581-47DB-9441-943650DBAF31}.Release|x86.ActiveCfg = Release|Any CPU
		{FB2FF700-7581-47DB-9441-943650DBAF31}.Release|x86.Build.0 = Release|Any CPU
		{FA5D876A-4FBB-43F5-B44C-DFD7F32D3A46}.Debug|Any CPU.ActiveCfg = Debug|Any CPU
		{FA5D876A-4FBB-43F5-B44C-DFD7F32D3A46}.Debug|Any CPU.Build.0 = Debug|Any CPU
		{FA5D876A-4FBB-43F5-B44C-DFD7F32D3A46}.Debug|x64.ActiveCfg = Debug|Any CPU
		{FA5D876A-4FBB-43F5-B44C-DFD7F32D3A46}.Debug|x64.Build.0 = Debug|Any CPU
		{FA5D876A-4FBB-43F5-B44C-DFD7F32D3A46}.Debug|x86.ActiveCfg = Debug|Any CPU
		{FA5D876A-4FBB-43F5-B44C-DFD7F32D3A46}.Debug|x86.Build.0 = Debug|Any CPU
		{FA5D876A-4FBB-43F5-B44C-DFD7F32D3A46}.Release|Any CPU.ActiveCfg = Release|Any CPU
		{FA5D876A-4FBB-43F5-B44C-DFD7F32D3A46}.Release|Any CPU.Build.0 = Release|Any CPU
		{FA5D876A-4FBB-43F5-B44C-DFD7F32D3A46}.Release|x64.ActiveCfg = Release|Any CPU
		{FA5D876A-4FBB-43F5-B44C-DFD7F32D3A46}.Release|x64.Build.0 = Release|Any CPU
		{FA5D876A-4FBB-43F5-B44C-DFD7F32D3A46}.Release|x86.ActiveCfg = Release|Any CPU
		{FA5D876A-4FBB-43F5-B44C-DFD7F32D3A46}.Release|x86.Build.0 = Release|Any CPU
		{C7D7713B-05CA-448A-910B-AA52BA6AF9A0}.Debug|Any CPU.ActiveCfg = Debug|Any CPU
		{C7D7713B-05CA-448A-910B-AA52BA6AF9A0}.Debug|Any CPU.Build.0 = Debug|Any CPU
		{C7D7713B-05CA-448A-910B-AA52BA6AF9A0}.Debug|x64.ActiveCfg = Debug|Any CPU
		{C7D7713B-05CA-448A-910B-AA52BA6AF9A0}.Debug|x64.Build.0 = Debug|Any CPU
		{C7D7713B-05CA-448A-910B-AA52BA6AF9A0}.Debug|x86.ActiveCfg = Debug|Any CPU
		{C7D7713B-05CA-448A-910B-AA52BA6AF9A0}.Debug|x86.Build.0 = Debug|Any CPU
		{C7D7713B-05CA-448A-910B-AA52BA6AF9A0}.Release|Any CPU.ActiveCfg = Release|Any CPU
		{C7D7713B-05CA-448A-910B-AA52BA6AF9A0}.Release|Any CPU.Build.0 = Release|Any CPU
		{C7D7713B-05CA-448A-910B-AA52BA6AF9A0}.Release|x64.ActiveCfg = Release|Any CPU
		{C7D7713B-05CA-448A-910B-AA52BA6AF9A0}.Release|x64.Build.0 = Release|Any CPU
		{C7D7713B-05CA-448A-910B-AA52BA6AF9A0}.Release|x86.ActiveCfg = Release|Any CPU
		{C7D7713B-05CA-448A-910B-AA52BA6AF9A0}.Release|x86.Build.0 = Release|Any CPU
	EndGlobalSection
	GlobalSection(SolutionProperties) = preSolution
		HideSolutionNode = FALSE
	EndGlobalSection
	GlobalSection(ExtensibilityGlobals) = postSolution
		SolutionGuid = {FBAC193A-375B-4CFF-997D-7934D3BF2BD0}
	EndGlobalSection
EndGlobal
